
Microsoft Visual Studio Solution File, Format Version 12.00
# Visual Studio Version 16
VisualStudioVersion = 16.0.30503.244
MinimumVisualStudioVersion = 10.0.40219.1
Project("{9A19103F-16F7-4668-BE54-9A1E7A4F7556}") = "RaceSim", "RaceSim\RaceSim.csproj", "{AFAB50C5-0053-4DB7-AFDA-51C7B2DD843E}"
EndProject
Project("{9A19103F-16F7-4668-BE54-9A1E7A4F7556}") = "Model", "Model\Model.csproj", "{FD63BF67-3ABC-4DE5-AB17-293197560FBC}"
EndProject
Project("{9A19103F-16F7-4668-BE54-9A1E7A4F7556}") = "Controller", "Controller\Controller.csproj", "{A30E95CA-AE9E-4E0A-95B7-D33BEB90F8F8}"
EndProject
Project("{9A19103F-16F7-4668-BE54-9A1E7A4F7556}") = "ControllerTest", "ControllerTest\ControllerTest.csproj", "{361BAECA-8740-4B75-9AFE-9444492EBCB0}"
EndProject
Project("{FAE04EC0-301F-11D3-BF4B-00C04F79EFBC}") = "WpfApp1", "WpfApp1\WpfApp1.csproj", "{B51FE3BC-D87C-4D50-AD1A-C33F5AF04DB8}"
EndProject
Global
	GlobalSection(SolutionConfigurationPlatforms) = preSolution
		Debug|Any CPU = Debug|Any CPU
		Release|Any CPU = Release|Any CPU
	EndGlobalSection
	GlobalSection(ProjectConfigurationPlatforms) = postSolution
		{AFAB50C5-0053-4DB7-AFDA-51C7B2DD843E}.Debug|Any CPU.ActiveCfg = Debug|Any CPU
		{AFAB50C5-0053-4DB7-AFDA-51C7B2DD843E}.Debug|Any CPU.Build.0 = Debug|Any CPU
		{AFAB50C5-0053-4DB7-AFDA-51C7B2DD843E}.Release|Any CPU.ActiveCfg = Release|Any CPU
		{AFAB50C5-0053-4DB7-AFDA-51C7B2DD843E}.Release|Any CPU.Build.0 = Release|Any CPU
		{FD63BF67-3ABC-4DE5-AB17-293197560FBC}.Debug|Any CPU.ActiveCfg = Debug|Any CPU
		{FD63BF67-3ABC-4DE5-AB17-293197560FBC}.Debug|Any CPU.Build.0 = Debug|Any CPU
		{FD63BF67-3ABC-4DE5-AB17-293197560FBC}.Release|Any CPU.ActiveCfg = Release|Any CPU
		{FD63BF67-3ABC-4DE5-AB17-293197560FBC}.Release|Any CPU.Build.0 = Release|Any CPU
		{A30E95CA-AE9E-4E0A-95B7-D33BEB90F8F8}.Debug|Any CPU.ActiveCfg = Debug|Any CPU
		{A30E95CA-AE9E-4E0A-95B7-D33BEB90F8F8}.Debug|Any CPU.Build.0 = Debug|Any CPU
		{A30E95CA-AE9E-4E0A-95B7-D33BEB90F8F8}.Release|Any CPU.ActiveCfg = Release|Any CPU
		{A30E95CA-AE9E-4E0A-95B7-D33BEB90F8F8}.Release|Any CPU.Build.0 = Release|Any CPU
		{361BAECA-8740-4B75-9AFE-9444492EBCB0}.Debug|Any CPU.ActiveCfg = Debug|Any CPU
		{361BAECA-8740-4B75-9AFE-9444492EBCB0}.Debug|Any CPU.Build.0 = Debug|Any CPU
		{361BAECA-8740-4B75-9AFE-9444492EBCB0}.Release|Any CPU.ActiveCfg = Release|Any CPU
		{361BAECA-8740-4B75-9AFE-9444492EBCB0}.Release|Any CPU.Build.0 = Release|Any CPU
		{B51FE3BC-D87C-4D50-AD1A-C33F5AF04DB8}.Debug|Any CPU.ActiveCfg = Debug|Any CPU
		{B51FE3BC-D87C-4D50-AD1A-C33F5AF04DB8}.Debug|Any CPU.Build.0 = Debug|Any CPU
		{B51FE3BC-D87C-4D50-AD1A-C33F5AF04DB8}.Release|Any CPU.ActiveCfg = Release|Any CPU
		{B51FE3BC-D87C-4D50-AD1A-C33F5AF04DB8}.Release|Any CPU.Build.0 = Release|Any CPU
	EndGlobalSection
	GlobalSection(SolutionProperties) = preSolution
		HideSolutionNode = FALSE
	EndGlobalSection
	GlobalSection(ExtensibilityGlobals) = postSolution
		SolutionGuid = {CAB32F34-9378-4BAC-9005-EFF1146A339C}
	EndGlobalSection
EndGlobal
